
Microsoft Visual Studio Solution File, Format Version 12.00
# Visual Studio 15
VisualStudioVersion = 15.0.27428.2005
MinimumVisualStudioVersion = 10.0.40219.1
Project("{FAE04EC0-301F-11D3-BF4B-00C04F79EFBC}") = "PaisNaEscola.Android", "PaisNaEscola\PaisNaEscola.Android\PaisNaEscola.Android.csproj", "{62A6DCB9-63B4-48A1-9DD6-75DBA404C67A}"
EndProject
Project("{FAE04EC0-301F-11D3-BF4B-00C04F79EFBC}") = "PaisNaEscola", "PaisNaEscola\PaisNaEscola\PaisNaEscola.csproj", "{592FF1B3-1E64-4944-B8C7-12715E58FC94}"
EndProject
Global
	GlobalSection(SolutionConfigurationPlatforms) = preSolution
		Debug|Any CPU = Debug|Any CPU
		Release|Any CPU = Release|Any CPU
	EndGlobalSection
	GlobalSection(ProjectConfigurationPlatforms) = postSolution
		{62A6DCB9-63B4-48A1-9DD6-75DBA404C67A}.Debug|Any CPU.ActiveCfg = Debug|Any CPU
		{62A6DCB9-63B4-48A1-9DD6-75DBA404C67A}.Debug|Any CPU.Build.0 = Debug|Any CPU
		{62A6DCB9-63B4-48A1-9DD6-75DBA404C67A}.Debug|Any CPU.Deploy.0 = Debug|Any CPU
		{62A6DCB9-63B4-48A1-9DD6-75DBA404C67A}.Release|Any CPU.ActiveCfg = Release|Any CPU
		{62A6DCB9-63B4-48A1-9DD6-75DBA404C67A}.Release|Any CPU.Build.0 = Release|Any CPU
		{62A6DCB9-63B4-48A1-9DD6-75DBA404C67A}.Release|Any CPU.Deploy.0 = Release|Any CPU
		{592FF1B3-1E64-4944-B8C7-12715E58FC94}.Debug|Any CPU.ActiveCfg = Debug|Any CPU
		{592FF1B3-1E64-4944-B8C7-12715E58FC94}.Debug|Any CPU.Build.0 = Debug|Any CPU
		{592FF1B3-1E64-4944-B8C7-12715E58FC94}.Release|Any CPU.ActiveCfg = Release|Any CPU
		{592FF1B3-1E64-4944-B8C7-12715E58FC94}.Release|Any CPU.Build.0 = Release|Any CPU
	EndGlobalSection
	GlobalSection(SolutionProperties) = preSolution
		HideSolutionNode = FALSE
	EndGlobalSection
	GlobalSection(ExtensibilityGlobals) = postSolution
		SolutionGuid = {A87A2679-3018-4A15-AF63-AC349FFEDA61}
	EndGlobalSection
EndGlobal
